// !$*UTF8*$!
{
	archiveVersion = 1;
	classes = {
	};
	objectVersion = 46;
	objects = {

/* Begin PBXBuildFile section */
		ADBEB5561EEFFD9700FD8F2B /* AppDelegate.swift in Sources */ = {isa = PBXBuildFile; fileRef = ADBEB5551EEFFD9700FD8F2B /* AppDelegate.swift */; };
		ADBEB5581EEFFD9700FD8F2B /* ViewController.swift in Sources */ = {isa = PBXBuildFile; fileRef = ADBEB5571EEFFD9700FD8F2B /* ViewController.swift */; };
		ADBEB55B1EEFFD9700FD8F2B /* Main.storyboard in Resources */ = {isa = PBXBuildFile; fileRef = ADBEB5591EEFFD9700FD8F2B /* Main.storyboard */; };
		ADBEB55D1EEFFD9700FD8F2B /* Assets.xcassets in Resources */ = {isa = PBXBuildFile; fileRef = ADBEB55C1EEFFD9700FD8F2B /* Assets.xcassets */; };
		ADBEB5601EEFFD9700FD8F2B /* LaunchScreen.storyboard in Resources */ = {isa = PBXBuildFile; fileRef = ADBEB55E1EEFFD9700FD8F2B /* LaunchScreen.storyboard */; };
		ADBEB5681EF007DB00FD8F2B /* Game.swift in Sources */ = {isa = PBXBuildFile; fileRef = ADBEB5671EF007DB00FD8F2B /* Game.swift */; };
/* End PBXBuildFile section */

/* Begin PBXFileReference section */
		ADBEB5521EEFFD9700FD8F2B /* Apple Pie.app */ = {isa = PBXFileReference; explicitFileType = wrapper.application; includeInIndex = 0; path = "Apple Pie.app"; sourceTree = BUILT_PRODUCTS_DIR; };
		ADBEB5551EEFFD9700FD8F2B /* AppDelegate.swift */ = {isa = PBXFileReference; lastKnownFileType = sourcecode.swift; path = AppDelegate.swift; sourceTree = "<group>"; };
		ADBEB5571EEFFD9700FD8F2B /* ViewController.swift */ = {isa = PBXFileReference; lastKnownFileType = sourcecode.swift; path = ViewController.swift; sourceTree = "<group>"; };
		ADBEB55A1EEFFD9700FD8F2B /* Base */ = {isa = PBXFileReference; lastKnownFileType = file.storyboard; name = Base; path = Base.lproj/Main.storyboard; sourceTree = "<group>"; };
		ADBEB55C1EEFFD9700FD8F2B /* Assets.xcassets */ = {isa = PBXFileReference; lastKnownFileType = folder.assetcatalog; path = Assets.xcassets; sourceTree = "<group>"; };
		ADBEB55F1EEFFD9700FD8F2B /* Base */ = {isa = PBXFileReference; lastKnownFileType = file.storyboard; name = Base; path = Base.lproj/LaunchScreen.storyboard; sourceTree = "<group>"; };
		ADBEB5611EEFFD9700FD8F2B /* Info.plist */ = {isa = PBXFileReference; lastKnownFileType = text.plist.xml; path = Info.plist; sourceTree = "<group>"; };
		ADBEB5671EF007DB00FD8F2B /* Game.swift */ = {isa = PBXFileReference; fileEncoding = 4; lastKnownFileType = sourcecode.swift; path = Game.swift; sourceTree = "<group>"; };
/* End PBXFileReference section */

/* Begin PBXFrameworksBuildPhase section */
		ADBEB54F1EEFFD9700FD8F2B /* Frameworks */ = {
			isa = PBXFrameworksBuildPhase;
			buildActionMask = 2147483647;
			files = (
			);
			runOnlyForDeploymentPostprocessing = 0;
		};
/* End PBXFrameworksBuildPhase section */

/* Begin PBXGroup section */
		ADBEB5491EEFFD9700FD8F2B = {
			isa = PBXGroup;
			children = (
				ADBEB5541EEFFD9700FD8F2B /* Apple Pie */,
				ADBEB5531EEFFD9700FD8F2B /* Products */,
			);
			sourceTree = "<group>";
		};
		ADBEB5531EEFFD9700FD8F2B /* Products */ = {
			isa = PBXGroup;
			children = (
				ADBEB5521EEFFD9700FD8F2B /* Apple Pie.app */,
			);
			name = Products;
			sourceTree = "<group>";
		};
		ADBEB5541EEFFD9700FD8F2B /* Apple Pie */ = {
			isa = PBXGroup;
			children = (
				ADBEB5551EEFFD9700FD8F2B /* AppDelegate.swift */,
				ADBEB5571EEFFD9700FD8F2B /* ViewController.swift */,
				ADBEB5591EEFFD9700FD8F2B /* Main.storyboard */,
				ADBEB5671EF007DB00FD8F2B /* Game.swift */,
				ADBEB55C1EEFFD9700FD8F2B /* Assets.xcassets */,
				ADBEB55E1EEFFD9700FD8F2B /* LaunchScreen.storyboard */,
				ADBEB5611EEFFD9700FD8F2B /* Info.plist */,
			);
			path = "Apple Pie";
			sourceTree = "<group>";
		};
/* End PBXGroup section */

/* Begin PBXNativeTarget section */
		ADBEB5511EEFFD9700FD8F2B /* Apple Pie */ = {
			isa = PBXNativeTarget;
			buildConfigurationList = ADBEB5641EEFFD9700FD8F2B /* Build configuration list for PBXNativeTarget "Apple Pie" */;
			buildPhases = (
				ADBEB54E1EEFFD9700FD8F2B /* Sources */,
				ADBEB54F1EEFFD9700FD8F2B /* Frameworks */,
				ADBEB5501EEFFD9700FD8F2B /* Resources */,
			);
			buildRules = (
			);
			dependencies = (
			);
			name = "Apple Pie";
			productName = "Apple Pie";
			productReference = ADBEB5521EEFFD9700FD8F2B /* Apple Pie.app */;
			productType = "com.apple.product-type.application";
		};
/* End PBXNativeTarget section */

/* Begin PBXProject section */
		ADBEB54A1EEFFD9700FD8F2B /* Project object */ = {
			isa = PBXProject;
			attributes = {
				LastSwiftUpdateCheck = 0830;
				LastUpgradeCheck = 0830;
				ORGANIZATIONNAME = "Sergey Tolmachev";
				TargetAttributes = {
					ADBEB5511EEFFD9700FD8F2B = {
						CreatedOnToolsVersion = 8.3.3;
						ProvisioningStyle = Automatic;
					};
				};
			};
			buildConfigurationList = ADBEB54D1EEFFD9700FD8F2B /* Build configuration list for PBXProject "Apple Pie" */;
			compatibilityVersion = "Xcode 3.2";
			developmentRegion = English;
			hasScannedForEncodings = 0;
			knownRegions = (
				en,
				Base,
			);
			mainGroup = ADBEB5491EEFFD9700FD8F2B;
			productRefGroup = ADBEB5531EEFFD9700FD8F2B /* Products */;
			projectDirPath = "";
			projectRoot = "";
			targets = (
				ADBEB5511EEFFD9700FD8F2B /* Apple Pie */,
			);
		};
/* End PBXProject section */

/* Begin PBXResourcesBuildPhase section */
		ADBEB5501EEFFD9700FD8F2B /* Resources */ = {
			isa = PBXResourcesBuildPhase;
			buildActionMask = 2147483647;
			files = (
				ADBEB5601EEFFD9700FD8F2B /* LaunchScreen.storyboard in Resources */,
				ADBEB55D1EEFFD9700FD8F2B /* Assets.xcassets in Resources */,
				ADBEB55B1EEFFD9700FD8F2B /* Main.storyboard in Resources */,
			);
			runOnlyForDeploymentPostprocessing = 0;
		};
/* End PBXResourcesBuildPhase section */

/* Begin PBXSourcesBuildPhase section */
		ADBEB54E1EEFFD9700FD8F2B /* Sources */ = {
			isa = PBXSourcesBuildPhase;
			buildActionMask = 2147483647;
			files = (
				ADBEB5581EEFFD9700FD8F2B /* ViewController.swift in Sources */,
				ADBEB5681EF007DB00FD8F2B /* Game.swift in Sources */,
				ADBEB5561EEFFD9700FD8F2B /* AppDelegate.swift in Sources */,
			);
			runOnlyForDeploymentPostprocessing = 0;
		};
/* End PBXSourcesBuildPhase section */

/* Begin PBXVariantGroup section */
		ADBEB5591EEFFD9700FD8F2B /* Main.storyboard */ = {
			isa = PBXVariantGroup;
			children = (
				ADBEB55A1EEFFD9700FD8F2B /* Base */,
			);
			name = Main.storyboard;
			sourceTree = "<group>";
		};
		ADBEB55E1EEFFD9700FD8F2B /* LaunchScreen.storyboard */ = {
			isa = PBXVariantGroup;
			children = (
				ADBEB55F1EEFFD9700FD8F2B /* Base */,
			);
			name = LaunchScreen.storyboard;
			sourceTree = "<group>";
		};
/* End PBXVariantGroup section */

/* Begin XCBuildConfiguration section */
		ADBEB5621EEFFD9700FD8F2B /* Debug */ = {
			isa = XCBuildConfiguration;
			buildSettings = {
				ALWAYS_SEARCH_USER_PATHS = NO;
				CLANG_ANALYZER_NONNULL = YES;
				CLANG_ANALYZER_NUMBER_OBJECT_CONVERSION = YES_AGGRESSIVE;
				CLANG_CXX_LANGUAGE_STANDARD = "gnu++0x";
				CLANG_CXX_LIBRARY = "libc++";
				CLANG_ENABLE_MODULES = YES;
				CLANG_ENABLE_OBJC_ARC = YES;
				CLANG_WARN_BOOL_CONVERSION = YES;
				CLANG_WARN_CONSTANT_CONVERSION = YES;
				CLANG_WARN_DIRECT_OBJC_ISA_USAGE = YES_ERROR;
				CLANG_WARN_DOCUMENTATION_COMMENTS = YES;
				CLANG_WARN_EMPTY_BODY = YES;
				CLANG_WARN_ENUM_CONVERSION = YES;
				CLANG_WARN_INFINITE_RECURSION = YES;
				CLANG_WARN_INT_CONVERSION = YES;
				CLANG_WARN_OBJC_ROOT_CLASS = YES_ERROR;
				CLANG_WARN_SUSPICIOUS_MOVE = YES;
				CLANG_WARN_UNREACHABLE_CODE = YES;
				CLANG_WARN__DUPLICATE_METHOD_MATCH = YES;
				"CODE_SIGN_IDENTITY[sdk=iphoneos*]" = "iPhone Developer";
				COPY_PHASE_STRIP = NO;
				DEBUG_INFORMATION_FORMAT = dwarf;
				ENABLE_STRICT_OBJC_MSGSEND = YES;
				ENABLE_TESTABILITY = YES;
				GCC_C_LANGUAGE_STANDARD = gnu99;
				GCC_DYNAMIC_NO_PIC = NO;
				GCC_NO_COMMON_BLOCKS = YES;
				GCC_OPTIMIZATION_LEVEL = 0;
				GCC_PREPROCESSOR_DEFINITIONS = (
					"DEBUG=1",
					"$(inherited)",
				);
				GCC_WARN_64_TO_32_BIT_CONVERSION = YES;
				GCC_WARN_ABOUT_RETURN_TYPE = YES_ERROR;
				GCC_WARN_UNDECLARED_SELECTOR = YES;
				GCC_WARN_UNINITIALIZED_AUTOS = YES_AGGRESSIVE;
				GCC_WARN_UNUSED_FUNCTION = YES;
				GCC_WARN_UNUSED_VARIABLE = YES;
				IPHONEOS_DEPLOYMENT_TARGET = 10.3;
				MTL_ENABLE_DEBUG_INFO = YES;
				ONLY_ACTIVE_ARCH = YES;
				SDKROOT = iphoneos;
				SWIFT_ACTIVE_COMPILATION_CONDITIONS = DEBUG;
				SWIFT_OPTIMIZATION_LEVEL = "-Onone";
				TARGETED_DEVICE_FAMILY = 2;
			};
			name = Debug;
		};
		ADBEB5631EEFFD9700FD8F2B /* Release */ = {
			isa = XCBuildConfiguration;
			buildSettings = {
				ALWAYS_SEARCH_USER_PATHS = NO;
				CLANG_ANALYZER_NONNULL = YES;
				CLANG_ANALYZER_NUMBER_OBJECT_CONVERSION = YES_AGGRESSIVE;
				CLANG_CXX_LANGUAGE_STANDARD = "gnu++0x";
				CLANG_CXX_LIBRARY = "libc++";
				CLANG_ENABLE_MODULES = YES;
				CLANG_ENABLE_OBJC_ARC = YES;
				CLANG_WARN_BOOL_CONVERSION = YES;
				CLANG_WARN_CONSTANT_CONVERSION = YES;
				CLANG_WARN_DIRECT_OBJC_ISA_USAGE = YES_ERROR;
				CLANG_WARN_DOCUMENTATION_COMMENTS = YES;
				CLANG_WARN_EMPTY_BODY = YES;
				CLANG_WARN_ENUM_CONVERSION = YES;
				CLANG_WARN_INFINITE_RECURSION = YES;
				CLANG_WARN_INT_CONVERSION = YES;
				CLANG_WARN_OBJC_ROOT_CLASS = YES_ERROR;
				CLANG_WARN_SUSPICIOUS_MOVE = YES;
				CLANG_WARN_UNREACHABLE_CODE = YES;
				CLANG_WARN__DUPLICATE_METHOD_MATCH = YES;
				"CODE_SIGN_IDENTITY[sdk=iphoneos*]" = "iPhone Developer";
				COPY_PHASE_STRIP = NO;
				DEBUG_INFORMATION_FORMAT = "dwarf-with-dsym";
				ENABLE_NS_ASSERTIONS = NO;
				ENABLE_STRICT_OBJC_MSGSEND = YES;
				GCC_C_LANGUAGE_STANDARD = gnu99;
				GCC_NO_COMMON_BLOCKS = YES;
				GCC_WARN_64_TO_32_BIT_CONVERSION = YES;
				GCC_WARN_ABOUT_RETURN_TYPE = YES_ERROR;
				GCC_WARN_UNDECLARED_SELECTOR = YES;
				GCC_WARN_UNINITIALIZED_AUTOS = YES_AGGRESSIVE;
				GCC_WARN_UNUSED_FUNCTION = YES;
				GCC_WARN_UNUSED_VARIABLE = YES;
				IPHONEOS_DEPLOYMENT_TARGET = 10.3;
				MTL_ENABLE_DEBUG_INFO = NO;
				SDKROOT = iphoneos;
				SWIFT_OPTIMIZATION_LEVEL = "-Owholemodule";
				TARGETED_DEVICE_FAMILY = 2;
				VALIDATE_PRODUCT = YES;
			};
			name = Release;
		};
		ADBEB5651EEFFD9700FD8F2B /* Debug */ = {
			isa = XCBuildConfiguration;
			buildSettings = {
				ASSETCATALOG_COMPILER_APPICON_NAME = AppIcon;
				INFOPLIST_FILE = "Apple Pie/Info.plist";
				LD_RUNPATH_SEARCH_PATHS = "$(inherited) @executable_path/Frameworks";
				PRODUCT_BUNDLE_IDENTIFIER = "com.example.Apple-Pie";
				PRODUCT_NAME = "$(TARGET_NAME)";
				SWIFT_VERSION = 3.0;
			};
			name = Debug;
		};
		ADBEB5661EEFFD9700FD8F2B /* Release */ = {
			isa = XCBuildConfiguration;
			buildSettings = {
				ASSETCATALOG_COMPILER_APPICON_NAME = AppIcon;
				INFOPLIST_FILE = "Apple Pie/Info.plist";
				LD_RUNPATH_SEARCH_PATHS = "$(inherited) @executable_path/Frameworks";
				PRODUCT_BUNDLE_IDENTIFIER = "com.example.Apple-Pie";
				PRODUCT_NAME = "$(TARGET_NAME)";
				SWIFT_VERSION = 3.0;
			};
			name = Release;
		};
/* End XCBuildConfiguration section */

/* Begin XCConfigurationList section */
		ADBEB54D1EEFFD9700FD8F2B /* Build configuration list for PBXProject "Apple Pie" */ = {
			isa = XCConfigurationList;
			buildConfigurations = (
				ADBEB5621EEFFD9700FD8F2B /* Debug */,
				ADBEB5631EEFFD9700FD8F2B /* Release */,
			);
			defaultConfigurationIsVisible = 0;
			defaultConfigurationName = Release;
		};
		ADBEB5641EEFFD9700FD8F2B /* Build configuration list for PBXNativeTarget "Apple Pie" */ = {
			isa = XCConfigurationList;
			buildConfigurations = (
				ADBEB5651EEFFD9700FD8F2B /* Debug */,
				ADBEB5661EEFFD9700FD8F2B /* Release */,
			);
			defaultConfigurationIsVisible = 0;
		};
/* End XCConfigurationList section */
	};
	rootObject = ADBEB54A1EEFFD9700FD8F2B /* Project object */;
}
